// !$*UTF8*$!
{
	archiveVersion = 1;
	classes = {
	};
	objectVersion = 55;
	objects = {

/* Begin PBXBuildFile section */
		B4DD6C28274BA01F00507786 /* AppDelegate.m in Sources */ = {isa = PBXBuildFile; fileRef = B4DD6C27274BA01F00507786 /* AppDelegate.m */; };
		B4DD6C2B274BA01F00507786 /* ViewController.m in Sources */ = {isa = PBXBuildFile; fileRef = B4DD6C2A274BA01F00507786 /* ViewController.m */; };
		B4DD6C2D274BA02000507786 /* Assets.xcassets in Resources */ = {isa = PBXBuildFile; fileRef = B4DD6C2C274BA02000507786 /* Assets.xcassets */; };
		B4DD6C30274BA02000507786 /* Main.storyboard in Resources */ = {isa = PBXBuildFile; fileRef = B4DD6C2E274BA02000507786 /* Main.storyboard */; };
		B4DD6C32274BA02100507786 /* main.m in Sources */ = {isa = PBXBuildFile; fileRef = B4DD6C31274BA02100507786 /* main.m */; };
		B4DD6C3D274BA02100507786 /* DashboardTests.m in Sources */ = {isa = PBXBuildFile; fileRef = B4DD6C3C274BA02100507786 /* DashboardTests.m */; };
/* End PBXBuildFile section */

/* Begin PBXContainerItemProxy section */
		B4DD6C39274BA02100507786 /* PBXContainerItemProxy */ = {
			isa = PBXContainerItemProxy;
			containerPortal = B4DD6C1B274BA01F00507786 /* Project object */;
			proxyType = 1;
			remoteGlobalIDString = B4DD6C22274BA01F00507786;
			remoteInfo = Dashboard;
		};
		B4DD6C6F274BA54A00507786 /* PBXContainerItemProxy */ = {
			isa = PBXContainerItemProxy;
			containerPortal = B4DD6C6B274BA54A00507786 /* ResourcesKit.xcodeproj */;
			proxyType = 2;
			remoteGlobalIDString = B4DD6C5F274BA54A00507786;
			remoteInfo = ResourcesKit;
		};
		B4DD6C8B274BA58E00507786 /* PBXContainerItemProxy */ = {
			isa = PBXContainerItemProxy;
			containerPortal = B4DD6C87274BA58D00507786 /* CoreUI.xcodeproj */;
			proxyType = 2;
			remoteGlobalIDString = B4DD6C7B274BA58D00507786;
			remoteInfo = CoreUI;
		};
		B4DD6CA7274BA5B400507786 /* PBXContainerItemProxy */ = {
			isa = PBXContainerItemProxy;
			containerPortal = B4DD6CA3274BA5B300507786 /* Core.xcodeproj */;
			proxyType = 2;
			remoteGlobalIDString = B4DD6C97274BA5B300507786;
			remoteInfo = Core;
		};
		B4DD6CC3274BA77D00507786 /* PBXContainerItemProxy */ = {
			isa = PBXContainerItemProxy;
			containerPortal = B4DD6CBF274BA77D00507786 /* CoreNetwork.xcodeproj */;
			proxyType = 2;
			remoteGlobalIDString = B4DD6CB3274BA77D00507786;
			remoteInfo = CoreNetwork;
		};
		BCED7208278D7B5800CF82CD /* PBXContainerItemProxy */ = {
			isa = PBXContainerItemProxy;
			containerPortal = B4DD6CA3274BA5B300507786 /* Core.xcodeproj */;
			proxyType = 2;
			remoteGlobalIDString = B4DD6CE5274BA7F900507786;
			remoteInfo = CoreTests;
		};
		BCED720C278D7B5800CF82CD /* PBXContainerItemProxy */ = {
			isa = PBXContainerItemProxy;
			containerPortal = B4DD6CBF274BA77D00507786 /* CoreNetwork.xcodeproj */;
			proxyType = 2;
			remoteGlobalIDString = B4DD6CD7274BA7F000507786;
			remoteInfo = CoreNetworkTests;
		};
		BCED7210278D7B5800CF82CD /* PBXContainerItemProxy */ = {
			isa = PBXContainerItemProxy;
			containerPortal = B4DD6C87274BA58D00507786 /* CoreUI.xcodeproj */;
			proxyType = 2;
			remoteGlobalIDString = B4DD6CC9274BA7E400507786;
			remoteInfo = CoreUITests;
		};
/* End PBXContainerItemProxy section */

/* Begin PBXFileReference section */
		B4DD6C23274BA01F00507786 /* Dashboard.app */ = {isa = PBXFileReference; explicitFileType = wrapper.application; includeInIndex = 0; path = Dashboard.app; sourceTree = BUILT_PRODUCTS_DIR; };
		B4DD6C26274BA01F00507786 /* AppDelegate.h */ = {isa = PBXFileReference; lastKnownFileType = sourcecode.c.h; path = AppDelegate.h; sourceTree = "<group>"; };
		B4DD6C27274BA01F00507786 /* AppDelegate.m */ = {isa = PBXFileReference; lastKnownFileType = sourcecode.c.objc; path = AppDelegate.m; sourceTree = "<group>"; };
		B4DD6C29274BA01F00507786 /* ViewController.h */ = {isa = PBXFileReference; lastKnownFileType = sourcecode.c.h; path = ViewController.h; sourceTree = "<group>"; };
		B4DD6C2A274BA01F00507786 /* ViewController.m */ = {isa = PBXFileReference; lastKnownFileType = sourcecode.c.objc; path = ViewController.m; sourceTree = "<group>"; };
		B4DD6C2C274BA02000507786 /* Assets.xcassets */ = {isa = PBXFileReference; lastKnownFileType = folder.assetcatalog; path = Assets.xcassets; sourceTree = "<group>"; };
		B4DD6C2F274BA02000507786 /* Base */ = {isa = PBXFileReference; lastKnownFileType = file.storyboard; name = Base; path = Base.lproj/Main.storyboard; sourceTree = "<group>"; };
		B4DD6C31274BA02100507786 /* main.m */ = {isa = PBXFileReference; lastKnownFileType = sourcecode.c.objc; path = main.m; sourceTree = "<group>"; };
		B4DD6C33274BA02100507786 /* Dashboard.entitlements */ = {isa = PBXFileReference; lastKnownFileType = text.plist.entitlements; path = Dashboard.entitlements; sourceTree = "<group>"; };
		B4DD6C38274BA02100507786 /* DashboardTests.xctest */ = {isa = PBXFileReference; explicitFileType = wrapper.cfbundle; includeInIndex = 0; path = DashboardTests.xctest; sourceTree = BUILT_PRODUCTS_DIR; };
		B4DD6C3C274BA02100507786 /* DashboardTests.m */ = {isa = PBXFileReference; lastKnownFileType = sourcecode.c.objc; path = DashboardTests.m; sourceTree = "<group>"; };
		B4DD6C6B274BA54A00507786 /* ResourcesKit.xcodeproj */ = {isa = PBXFileReference; lastKnownFileType = "wrapper.pb-project"; name = ResourcesKit.xcodeproj; path = ResourcesKit/ResourcesKit.xcodeproj; sourceTree = "<group>"; };
		B4DD6C87274BA58D00507786 /* CoreUI.xcodeproj */ = {isa = PBXFileReference; lastKnownFileType = "wrapper.pb-project"; name = CoreUI.xcodeproj; path = CoreUI/CoreUI.xcodeproj; sourceTree = "<group>"; };
		B4DD6CA3274BA5B300507786 /* Core.xcodeproj */ = {isa = PBXFileReference; lastKnownFileType = "wrapper.pb-project"; name = Core.xcodeproj; path = Core/Core.xcodeproj; sourceTree = "<group>"; };
		B4DD6CBF274BA77D00507786 /* CoreNetwork.xcodeproj */ = {isa = PBXFileReference; lastKnownFileType = "wrapper.pb-project"; name = CoreNetwork.xcodeproj; path = CoreNetwork/CoreNetwork.xcodeproj; sourceTree = "<group>"; };
/* End PBXFileReference section */

/* Begin PBXFrameworksBuildPhase section */
		B4DD6C20274BA01F00507786 /* Frameworks */ = {
			isa = PBXFrameworksBuildPhase;
			buildActionMask = 2147483647;
			files = (
			);
			runOnlyForDeploymentPostprocessing = 0;
		};
		B4DD6C35274BA02100507786 /* Frameworks */ = {
			isa = PBXFrameworksBuildPhase;
			buildActionMask = 2147483647;
			files = (
			);
			runOnlyForDeploymentPostprocessing = 0;
		};
/* End PBXFrameworksBuildPhase section */

/* Begin PBXGroup section */
		B4DD6C1A274BA01F00507786 = {
			isa = PBXGroup;
			children = (
				B4DD6CA3274BA5B300507786 /* Core.xcodeproj */,
				B4DD6CBF274BA77D00507786 /* CoreNetwork.xcodeproj */,
				B4DD6C87274BA58D00507786 /* CoreUI.xcodeproj */,
				B4DD6C6B274BA54A00507786 /* ResourcesKit.xcodeproj */,
				B4DD6C25274BA01F00507786 /* Dashboard */,
				B4DD6C3B274BA02100507786 /* DashboardTests */,
				B4DD6C24274BA01F00507786 /* Products */,
			);
			sourceTree = "<group>";
		};
		B4DD6C24274BA01F00507786 /* Products */ = {
			isa = PBXGroup;
			children = (
				B4DD6C23274BA01F00507786 /* Dashboard.app */,
				B4DD6C38274BA02100507786 /* DashboardTests.xctest */,
			);
			name = Products;
			sourceTree = "<group>";
		};
		B4DD6C25274BA01F00507786 /* Dashboard */ = {
			isa = PBXGroup;
			children = (
				B4DD6C26274BA01F00507786 /* AppDelegate.h */,
				B4DD6C27274BA01F00507786 /* AppDelegate.m */,
				B4DD6C29274BA01F00507786 /* ViewController.h */,
				B4DD6C2A274BA01F00507786 /* ViewController.m */,
				B4DD6C2C274BA02000507786 /* Assets.xcassets */,
				B4DD6C2E274BA02000507786 /* Main.storyboard */,
				B4DD6C31274BA02100507786 /* main.m */,
				B4DD6C33274BA02100507786 /* Dashboard.entitlements */,
			);
			path = Dashboard;
			sourceTree = "<group>";
		};
		B4DD6C3B274BA02100507786 /* DashboardTests */ = {
			isa = PBXGroup;
			children = (
				B4DD6C3C274BA02100507786 /* DashboardTests.m */,
			);
			path = DashboardTests;
			sourceTree = "<group>";
		};
		B4DD6C6C274BA54A00507786 /* Products */ = {
			isa = PBXGroup;
			children = (
				B4DD6C70274BA54A00507786 /* ResourcesKit.framework */,
			);
			name = Products;
			sourceTree = "<group>";
		};
		B4DD6C88274BA58D00507786 /* Products */ = {
			isa = PBXGroup;
			children = (
				B4DD6C8C274BA58E00507786 /* CoreUI.framework */,
				BCED7211278D7B5800CF82CD /* CoreUITests.xctest */,
			);
			name = Products;
			sourceTree = "<group>";
		};
		B4DD6CA4274BA5B300507786 /* Products */ = {
			isa = PBXGroup;
			children = (
				B4DD6CA8274BA5B400507786 /* Core.framework */,
				BCED7209278D7B5800CF82CD /* CoreTests.xctest */,
			);
			name = Products;
			sourceTree = "<group>";
		};
		B4DD6CC0274BA77D00507786 /* Products */ = {
			isa = PBXGroup;
			children = (
				B4DD6CC4274BA77D00507786 /* CoreNetwork.framework */,
				BCED720D278D7B5800CF82CD /* CoreNetworkTests.xctest */,
			);
			name = Products;
			sourceTree = "<group>";
		};
/* End PBXGroup section */

/* Begin PBXNativeTarget section */
		B4DD6C22274BA01F00507786 /* Dashboard */ = {
			isa = PBXNativeTarget;
			buildConfigurationList = B4DD6C4C274BA02100507786 /* Build configuration list for PBXNativeTarget "Dashboard" */;
			buildPhases = (
				B4DD6C1F274BA01F00507786 /* Sources */,
				B4DD6C20274BA01F00507786 /* Frameworks */,
				B4DD6C21274BA01F00507786 /* Resources */,
			);
			buildRules = (
			);
			dependencies = (
			);
			name = Dashboard;
			productName = Dashboard;
			productReference = B4DD6C23274BA01F00507786 /* Dashboard.app */;
			productType = "com.apple.product-type.application";
		};
		B4DD6C37274BA02100507786 /* DashboardTests */ = {
			isa = PBXNativeTarget;
			buildConfigurationList = B4DD6C4F274BA02100507786 /* Build configuration list for PBXNativeTarget "DashboardTests" */;
			buildPhases = (
				B4DD6C34274BA02100507786 /* Sources */,
				B4DD6C35274BA02100507786 /* Frameworks */,
				B4DD6C36274BA02100507786 /* Resources */,
			);
			buildRules = (
			);
			dependencies = (
				B4DD6C3A274BA02100507786 /* PBXTargetDependency */,
			);
			name = DashboardTests;
			productName = DashboardTests;
			productReference = B4DD6C38274BA02100507786 /* DashboardTests.xctest */;
			productType = "com.apple.product-type.bundle.unit-test";
		};
/* End PBXNativeTarget section */

/* Begin PBXProject section */
		B4DD6C1B274BA01F00507786 /* Project object */ = {
			isa = PBXProject;
			attributes = {
				BuildIndependentTargetsInParallel = 1;
				LastUpgradeCheck = 1300;
				TargetAttributes = {
					B4DD6C22274BA01F00507786 = {
						CreatedOnToolsVersion = 13.0;
					};
					B4DD6C37274BA02100507786 = {
						CreatedOnToolsVersion = 13.0;
						TestTargetID = B4DD6C22274BA01F00507786;
					};
				};
			};
			buildConfigurationList = B4DD6C1E274BA01F00507786 /* Build configuration list for PBXProject "Dashboard" */;
			compatibilityVersion = "Xcode 13.0";
			developmentRegion = en;
			hasScannedForEncodings = 0;
			knownRegions = (
				en,
				Base,
			);
			mainGroup = B4DD6C1A274BA01F00507786;
			productRefGroup = B4DD6C24274BA01F00507786 /* Products */;
			projectDirPath = "";
			projectReferences = (
				{
					ProductGroup = B4DD6CA4274BA5B300507786 /* Products */;
					ProjectRef = B4DD6CA3274BA5B300507786 /* Core.xcodeproj */;
				},
				{
					ProductGroup = B4DD6CC0274BA77D00507786 /* Products */;
					ProjectRef = B4DD6CBF274BA77D00507786 /* CoreNetwork.xcodeproj */;
				},
				{
					ProductGroup = B4DD6C88274BA58D00507786 /* Products */;
					ProjectRef = B4DD6C87274BA58D00507786 /* CoreUI.xcodeproj */;
				},
				{
					ProductGroup = B4DD6C6C274BA54A00507786 /* Products */;
					ProjectRef = B4DD6C6B274BA54A00507786 /* ResourcesKit.xcodeproj */;
				},
			);
			projectRoot = "";
			targets = (
				B4DD6C22274BA01F00507786 /* Dashboard */,
				B4DD6C37274BA02100507786 /* DashboardTests */,
			);
		};
/* End PBXProject section */

/* Begin PBXReferenceProxy section */
		B4DD6C70274BA54A00507786 /* ResourcesKit.framework */ = {
			isa = PBXReferenceProxy;
			fileType = wrapper.framework;
			path = ResourcesKit.framework;
			remoteRef = B4DD6C6F274BA54A00507786 /* PBXContainerItemProxy */;
			sourceTree = BUILT_PRODUCTS_DIR;
		};
		B4DD6C8C274BA58E00507786 /* CoreUI.framework */ = {
			isa = PBXReferenceProxy;
			fileType = wrapper.framework;
			path = CoreUI.framework;
			remoteRef = B4DD6C8B274BA58E00507786 /* PBXContainerItemProxy */;
			sourceTree = BUILT_PRODUCTS_DIR;
		};
		B4DD6CA8274BA5B400507786 /* Core.framework */ = {
			isa = PBXReferenceProxy;
			fileType = wrapper.framework;
			path = Core.framework;
			remoteRef = B4DD6CA7274BA5B400507786 /* PBXContainerItemProxy */;
			sourceTree = BUILT_PRODUCTS_DIR;
		};
		B4DD6CC4274BA77D00507786 /* CoreNetwork.framework */ = {
			isa = PBXReferenceProxy;
			fileType = wrapper.framework;
			path = CoreNetwork.framework;
			remoteRef = B4DD6CC3274BA77D00507786 /* PBXContainerItemProxy */;
			sourceTree = BUILT_PRODUCTS_DIR;
		};
		BCED7209278D7B5800CF82CD /* CoreTests.xctest */ = {
			isa = PBXReferenceProxy;
			fileType = wrapper.cfbundle;
			path = CoreTests.xctest;
			remoteRef = BCED7208278D7B5800CF82CD /* PBXContainerItemProxy */;
			sourceTree = BUILT_PRODUCTS_DIR;
		};
		BCED720D278D7B5800CF82CD /* CoreNetworkTests.xctest */ = {
			isa = PBXReferenceProxy;
			fileType = wrapper.cfbundle;
			path = CoreNetworkTests.xctest;
			remoteRef = BCED720C278D7B5800CF82CD /* PBXContainerItemProxy */;
			sourceTree = BUILT_PRODUCTS_DIR;
		};
		BCED7211278D7B5800CF82CD /* CoreUITests.xctest */ = {
			isa = PBXReferenceProxy;
			fileType = wrapper.cfbundle;
			path = CoreUITests.xctest;
			remoteRef = BCED7210278D7B5800CF82CD /* PBXContainerItemProxy */;
			sourceTree = BUILT_PRODUCTS_DIR;
		};
/* End PBXReferenceProxy section */

/* Begin PBXResourcesBuildPhase section */
		B4DD6C21274BA01F00507786 /* Resources */ = {
			isa = PBXResourcesBuildPhase;
			buildActionMask = 2147483647;
			files = (
				B4DD6C2D274BA02000507786 /* Assets.xcassets in Resources */,
				B4DD6C30274BA02000507786 /* Main.storyboard in Resources */,
			);
			runOnlyForDeploymentPostprocessing = 0;
		};
		B4DD6C36274BA02100507786 /* Resources */ = {
			isa = PBXResourcesBuildPhase;
			buildActionMask = 2147483647;
			files = (
			);
			runOnlyForDeploymentPostprocessing = 0;
		};
/* End PBXResourcesBuildPhase section */

/* Begin PBXSourcesBuildPhase section */
		B4DD6C1F274BA01F00507786 /* Sources */ = {
			isa = PBXSourcesBuildPhase;
			buildActionMask = 2147483647;
			files = (
				B4DD6C2B274BA01F00507786 /* ViewController.m in Sources */,
				B4DD6C32274BA02100507786 /* main.m in Sources */,
				B4DD6C28274BA01F00507786 /* AppDelegate.m in Sources */,
			);
			runOnlyForDeploymentPostprocessing = 0;
		};
		B4DD6C34274BA02100507786 /* Sources */ = {
			isa = PBXSourcesBuildPhase;
			buildActionMask = 2147483647;
			files = (
				B4DD6C3D274BA02100507786 /* DashboardTests.m in Sources */,
			);
			runOnlyForDeploymentPostprocessing = 0;
		};
/* End PBXSourcesBuildPhase section */

/* Begin PBXTargetDependency section */
		B4DD6C3A274BA02100507786 /* PBXTargetDependency */ = {
			isa = PBXTargetDependency;
			target = B4DD6C22274BA01F00507786 /* Dashboard */;
			targetProxy = B4DD6C39274BA02100507786 /* PBXContainerItemProxy */;
		};
/* End PBXTargetDependency section */

/* Begin PBXVariantGroup section */
		B4DD6C2E274BA02000507786 /* Main.storyboard */ = {
			isa = PBXVariantGroup;
			children = (
				B4DD6C2F274BA02000507786 /* Base */,
			);
			name = Main.storyboard;
			sourceTree = "<group>";
		};
/* End PBXVariantGroup section */

/* Begin XCBuildConfiguration section */
		B4DD6C4A274BA02100507786 /* Debug */ = {
			isa = XCBuildConfiguration;
			buildSettings = {
				ALWAYS_SEARCH_USER_PATHS = NO;
				CLANG_ANALYZER_NONNULL = YES;
				CLANG_ANALYZER_NUMBER_OBJECT_CONVERSION = YES_AGGRESSIVE;
				CLANG_CXX_LANGUAGE_STANDARD = "gnu++17";
				CLANG_CXX_LIBRARY = "libc++";
				CLANG_ENABLE_MODULES = YES;
				CLANG_ENABLE_OBJC_ARC = YES;
				CLANG_ENABLE_OBJC_WEAK = YES;
				CLANG_WARN_BLOCK_CAPTURE_AUTORELEASING = YES;
				CLANG_WARN_BOOL_CONVERSION = YES;
				CLANG_WARN_COMMA = YES;
				CLANG_WARN_CONSTANT_CONVERSION = YES;
				CLANG_WARN_DEPRECATED_OBJC_IMPLEMENTATIONS = YES;
				CLANG_WARN_DIRECT_OBJC_ISA_USAGE = YES_ERROR;
				CLANG_WARN_DOCUMENTATION_COMMENTS = YES;
				CLANG_WARN_EMPTY_BODY = YES;
				CLANG_WARN_ENUM_CONVERSION = YES;
				CLANG_WARN_INFINITE_RECURSION = YES;
				CLANG_WARN_INT_CONVERSION = YES;
				CLANG_WARN_NON_LITERAL_NULL_CONVERSION = YES;
				CLANG_WARN_OBJC_IMPLICIT_RETAIN_SELF = YES;
				CLANG_WARN_OBJC_LITERAL_CONVERSION = YES;
				CLANG_WARN_OBJC_ROOT_CLASS = YES_ERROR;
				CLANG_WARN_QUOTED_INCLUDE_IN_FRAMEWORK_HEADER = YES;
				CLANG_WARN_RANGE_LOOP_ANALYSIS = YES;
				CLANG_WARN_STRICT_PROTOTYPES = YES;
				CLANG_WARN_SUSPICIOUS_MOVE = YES;
				CLANG_WARN_UNGUARDED_AVAILABILITY = YES_AGGRESSIVE;
				CLANG_WARN_UNREACHABLE_CODE = YES;
				CLANG_WARN__DUPLICATE_METHOD_MATCH = YES;
				COPY_PHASE_STRIP = NO;
				DEBUG_INFORMATION_FORMAT = dwarf;
				ENABLE_STRICT_OBJC_MSGSEND = YES;
				ENABLE_TESTABILITY = YES;
				GCC_C_LANGUAGE_STANDARD = gnu11;
				GCC_DYNAMIC_NO_PIC = NO;
				GCC_NO_COMMON_BLOCKS = YES;
				GCC_OPTIMIZATION_LEVEL = 0;
				GCC_PREPROCESSOR_DEFINITIONS = (
					"DEBUG=1",
					"$(inherited)",
				);
				GCC_WARN_64_TO_32_BIT_CONVERSION = YES;
				GCC_WARN_ABOUT_RETURN_TYPE = YES_ERROR;
				GCC_WARN_UNDECLARED_SELECTOR = YES;
				GCC_WARN_UNINITIALIZED_AUTOS = YES_AGGRESSIVE;
				GCC_WARN_UNUSED_FUNCTION = YES;
				GCC_WARN_UNUSED_VARIABLE = YES;
				MACOSX_DEPLOYMENT_TARGET = 11.3;
				MTL_ENABLE_DEBUG_INFO = INCLUDE_SOURCE;
				MTL_FAST_MATH = YES;
				ONLY_ACTIVE_ARCH = YES;
				SDKROOT = macosx;
			};
			name = Debug;
		};
		B4DD6C4B274BA02100507786 /* Release */ = {
			isa = XCBuildConfiguration;
			buildSettings = {
				ALWAYS_SEARCH_USER_PATHS = NO;
				CLANG_ANALYZER_NONNULL = YES;
				CLANG_ANALYZER_NUMBER_OBJECT_CONVERSION = YES_AGGRESSIVE;
				CLANG_CXX_LANGUAGE_STANDARD = "gnu++17";
				CLANG_CXX_LIBRARY = "libc++";
				CLANG_ENABLE_MODULES = YES;
				CLANG_ENABLE_OBJC_ARC = YES;
				CLANG_ENABLE_OBJC_WEAK = YES;
				CLANG_WARN_BLOCK_CAPTURE_AUTORELEASING = YES;
				CLANG_WARN_BOOL_CONVERSION = YES;
				CLANG_WARN_COMMA = YES;
				CLANG_WARN_CONSTANT_CONVERSION = YES;
				CLANG_WARN_DEPRECATED_OBJC_IMPLEMENTATIONS = YES;
				CLANG_WARN_DIRECT_OBJC_ISA_USAGE = YES_ERROR;
				CLANG_WARN_DOCUMENTATION_COMMENTS = YES;
				CLANG_WARN_EMPTY_BODY = YES;
				CLANG_WARN_ENUM_CONVERSION = YES;
				CLANG_WARN_INFINITE_RECURSION = YES;
				CLANG_WARN_INT_CONVERSION = YES;
				CLANG_WARN_NON_LITERAL_NULL_CONVERSION = YES;
				CLANG_WARN_OBJC_IMPLICIT_RETAIN_SELF = YES;
				CLANG_WARN_OBJC_LITERAL_CONVERSION = YES;
				CLANG_WARN_OBJC_ROOT_CLASS = YES_ERROR;
				CLANG_WARN_QUOTED_INCLUDE_IN_FRAMEWORK_HEADER = YES;
				CLANG_WARN_RANGE_LOOP_ANALYSIS = YES;
				CLANG_WARN_STRICT_PROTOTYPES = YES;
				CLANG_WARN_SUSPICIOUS_MOVE = YES;
				CLANG_WARN_UNGUARDED_AVAILABILITY = YES_AGGRESSIVE;
				CLANG_WARN_UNREACHABLE_CODE = YES;
				CLANG_WARN__DUPLICATE_METHOD_MATCH = YES;
				COPY_PHASE_STRIP = NO;
				DEBUG_INFORMATION_FORMAT = "dwarf-with-dsym";
				ENABLE_NS_ASSERTIONS = NO;
				ENABLE_STRICT_OBJC_MSGSEND = YES;
				GCC_C_LANGUAGE_STANDARD = gnu11;
				GCC_NO_COMMON_BLOCKS = YES;
				GCC_WARN_64_TO_32_BIT_CONVERSION = YES;
				GCC_WARN_ABOUT_RETURN_TYPE = YES_ERROR;
				GCC_WARN_UNDECLARED_SELECTOR = YES;
				GCC_WARN_UNINITIALIZED_AUTOS = YES_AGGRESSIVE;
				GCC_WARN_UNUSED_FUNCTION = YES;
				GCC_WARN_UNUSED_VARIABLE = YES;
				MACOSX_DEPLOYMENT_TARGET = 11.3;
				MTL_ENABLE_DEBUG_INFO = NO;
				MTL_FAST_MATH = YES;
				SDKROOT = macosx;
			};
			name = Release;
		};
		B4DD6C4D274BA02100507786 /* Debug */ = {
			isa = XCBuildConfiguration;
			buildSettings = {
				ASSETCATALOG_COMPILER_APPICON_NAME = AppIcon;
				ASSETCATALOG_COMPILER_GLOBAL_ACCENT_COLOR_NAME = AccentColor;
				CODE_SIGN_ENTITLEMENTS = Dashboard/Dashboard.entitlements;
				CODE_SIGN_STYLE = Automatic;
				COMBINE_HIDPI_IMAGES = YES;
				CURRENT_PROJECT_VERSION = 1;
				DEVELOPMENT_TEAM = N69KBA6P8A;
				ENABLE_HARDENED_RUNTIME = YES;
				GENERATE_INFOPLIST_FILE = YES;
				INFOPLIST_KEY_NSHumanReadableCopyright = "";
				INFOPLIST_KEY_NSMainStoryboardFile = Main;
				INFOPLIST_KEY_NSPrincipalClass = NSApplication;
				LD_RUNPATH_SEARCH_PATHS = (
					"$(inherited)",
					"@executable_path/../Frameworks",
				);
				MARKETING_VERSION = 1.0;
				PRODUCT_BUNDLE_IDENTIFIER = medievil.inc.dashboard;
				PRODUCT_NAME = "$(TARGET_NAME)";
				SWIFT_EMIT_LOC_STRINGS = YES;
			};
			name = Debug;
		};
		B4DD6C4E274BA02100507786 /* Release */ = {
			isa = XCBuildConfiguration;
			buildSettings = {
				ASSETCATALOG_COMPILER_APPICON_NAME = AppIcon;
				ASSETCATALOG_COMPILER_GLOBAL_ACCENT_COLOR_NAME = AccentColor;
				CODE_SIGN_ENTITLEMENTS = Dashboard/Dashboard.entitlements;
				CODE_SIGN_STYLE = Automatic;
				COMBINE_HIDPI_IMAGES = YES;
				CURRENT_PROJECT_VERSION = 1;
				DEVELOPMENT_TEAM = N69KBA6P8A;
				ENABLE_HARDENED_RUNTIME = YES;
				GENERATE_INFOPLIST_FILE = YES;
				INFOPLIST_KEY_NSHumanReadableCopyright = "";
				INFOPLIST_KEY_NSMainStoryboardFile = Main;
				INFOPLIST_KEY_NSPrincipalClass = NSApplication;
				LD_RUNPATH_SEARCH_PATHS = (
					"$(inherited)",
					"@executable_path/../Frameworks",
				);
				MARKETING_VERSION = 1.0;
				PRODUCT_BUNDLE_IDENTIFIER = medievil.inc.dashboard;
				PRODUCT_NAME = "$(TARGET_NAME)";
				SWIFT_EMIT_LOC_STRINGS = YES;
			};
			name = Release;
		};
		B4DD6C50274BA02100507786 /* Debug */ = {
			isa = XCBuildConfiguration;
			buildSettings = {
				BUNDLE_LOADER = "$(TEST_HOST)";
				CODE_SIGN_STYLE = Automatic;
				COMBINE_HIDPI_IMAGES = YES;
				CURRENT_PROJECT_VERSION = 1;
				DEVELOPMENT_TEAM = N69KBA6P8A;
				GENERATE_INFOPLIST_FILE = YES;
				LD_RUNPATH_SEARCH_PATHS = (
					"$(inherited)",
					"@executable_path/../Frameworks",
					"@loader_path/../Frameworks",
				);
				MACOSX_DEPLOYMENT_TARGET = 11.3;
				MARKETING_VERSION = 1.0;
				PRODUCT_BUNDLE_IDENTIFIER = medievil.inc.DashboardTests;
				PRODUCT_NAME = "$(TARGET_NAME)";
				SWIFT_EMIT_LOC_STRINGS = NO;
				TEST_HOST = "$(BUILT_PRODUCTS_DIR)/Dashboard.app/Contents/MacOS/Dashboard";
			};
			name = Debug;
		};
		B4DD6C51274BA02100507786 /* Release */ = {
			isa = XCBuildConfiguration;
			buildSettings = {
				BUNDLE_LOADER = "$(TEST_HOST)";
				CODE_SIGN_STYLE = Automatic;
				COMBINE_HIDPI_IMAGES = YES;
				CURRENT_PROJECT_VERSION = 1;
				DEVELOPMENT_TEAM = N69KBA6P8A;
				GENERATE_INFOPLIST_FILE = YES;
				LD_RUNPATH_SEARCH_PATHS = (
					"$(inherited)",
					"@executable_path/../Frameworks",
					"@loader_path/../Frameworks",
				);
				MACOSX_DEPLOYMENT_TARGET = 11.3;
				MARKETING_VERSION = 1.0;
				PRODUCT_BUNDLE_IDENTIFIER = medievil.inc.DashboardTests;
				PRODUCT_NAME = "$(TARGET_NAME)";
				SWIFT_EMIT_LOC_STRINGS = NO;
				TEST_HOST = "$(BUILT_PRODUCTS_DIR)/Dashboard.app/Contents/MacOS/Dashboard";
			};
			name = Release;
		};
/* End XCBuildConfiguration section */

/* Begin XCConfigurationList section */
		B4DD6C1E274BA01F00507786 /* Build configuration list for PBXProject "Dashboard" */ = {
			isa = XCConfigurationList;
			buildConfigurations = (
				B4DD6C4A274BA02100507786 /* Debug */,
				B4DD6C4B274BA02100507786 /* Release */,
			);
			defaultConfigurationIsVisible = 0;
			defaultConfigurationName = Release;
		};
		B4DD6C4C274BA02100507786 /* Build configuration list for PBXNativeTarget "Dashboard" */ = {
			isa = XCConfigurationList;
			buildConfigurations = (
				B4DD6C4D274BA02100507786 /* Debug */,
				B4DD6C4E274BA02100507786 /* Release */,
			);
			defaultConfigurationIsVisible = 0;
			defaultConfigurationName = Release;
		};
		B4DD6C4F274BA02100507786 /* Build configuration list for PBXNativeTarget "DashboardTests" */ = {
			isa = XCConfigurationList;
			buildConfigurations = (
				B4DD6C50274BA02100507786 /* Debug */,
				B4DD6C51274BA02100507786 /* Release */,
			);
			defaultConfigurationIsVisible = 0;
			defaultConfigurationName = Release;
		};
/* End XCConfigurationList section */
	};
	rootObject = B4DD6C1B274BA01F00507786 /* Project object */;
}
